
Microsoft Visual Studio Solution File, Format Version 12.00
# Visual Studio Version 16
VisualStudioVersion = 16.0.32602.291
MinimumVisualStudioVersion = 10.0.40219.1
Project("{FAE04EC0-301F-11D3-BF4B-00C04F79EFBC}") = "HomeWork04", "HomeWork04.csproj", "{C1A72BDE-23BC-47CF-81EE-E26B6490149F}"
EndProject
Global
	GlobalSection(SolutionConfigurationPlatforms) = preSolution
		Debug|Any CPU = Debug|Any CPU
		Release|Any CPU = Release|Any CPU
	EndGlobalSection
	GlobalSection(ProjectConfigurationPlatforms) = postSolution
		{C1A72BDE-23BC-47CF-81EE-E26B6490149F}.Debug|Any CPU.ActiveCfg = Debug|Any CPU
		{C1A72BDE-23BC-47CF-81EE-E26B6490149F}.Debug|Any CPU.Build.0 = Debug|Any CPU
		{C1A72BDE-23BC-47CF-81EE-E26B6490149F}.Release|Any CPU.ActiveCfg = Release|Any CPU
		{C1A72BDE-23BC-47CF-81EE-E26B6490149F}.Release|Any CPU.Build.0 = Release|Any CPU
	EndGlobalSection
	GlobalSection(SolutionProperties) = preSolution
		HideSolutionNode = FALSE
	EndGlobalSection
	GlobalSection(ExtensibilityGlobals) = postSolution
		SolutionGuid = {99B97B2A-FBEC-48DD-BC52-90514C619A41}
	EndGlobalSection
EndGlobal
