
Microsoft Visual Studio Solution File, Format Version 12.00
# Visual Studio Version 16
VisualStudioVersion = 16.0.32602.291
MinimumVisualStudioVersion = 10.0.40219.1
Project("{FAE04EC0-301F-11D3-BF4B-00C04F79EFBC}") = "HomeWork06", "HomeWork06.csproj", "{E93D2DA3-3BC7-4D04-A918-6559AF881A03}"
EndProject
Global
	GlobalSection(SolutionConfigurationPlatforms) = preSolution
		Debug|Any CPU = Debug|Any CPU
		Release|Any CPU = Release|Any CPU
	EndGlobalSection
	GlobalSection(ProjectConfigurationPlatforms) = postSolution
		{E93D2DA3-3BC7-4D04-A918-6559AF881A03}.Debug|Any CPU.ActiveCfg = Debug|Any CPU
		{E93D2DA3-3BC7-4D04-A918-6559AF881A03}.Debug|Any CPU.Build.0 = Debug|Any CPU
		{E93D2DA3-3BC7-4D04-A918-6559AF881A03}.Release|Any CPU.ActiveCfg = Release|Any CPU
		{E93D2DA3-3BC7-4D04-A918-6559AF881A03}.Release|Any CPU.Build.0 = Release|Any CPU
	EndGlobalSection
	GlobalSection(SolutionProperties) = preSolution
		HideSolutionNode = FALSE
	EndGlobalSection
	GlobalSection(ExtensibilityGlobals) = postSolution
		SolutionGuid = {99470C89-4423-45C5-B2BB-4CEF6EC285A1}
	EndGlobalSection
EndGlobal
