
Microsoft Visual Studio Solution File, Format Version 12.00
# Visual Studio Version 16
VisualStudioVersion = 16.0.32602.291
MinimumVisualStudioVersion = 10.0.40219.1
Project("{FAE04EC0-301F-11D3-BF4B-00C04F79EFBC}") = "HomeWork03", "HomeWork03\HomeWork03.csproj", "{B233C482-FDCA-4714-A33E-A4268494BE20}"
EndProject
Global
	GlobalSection(SolutionConfigurationPlatforms) = preSolution
		Debug|Any CPU = Debug|Any CPU
		Release|Any CPU = Release|Any CPU
	EndGlobalSection
	GlobalSection(ProjectConfigurationPlatforms) = postSolution
		{B233C482-FDCA-4714-A33E-A4268494BE20}.Debug|Any CPU.ActiveCfg = Debug|Any CPU
		{B233C482-FDCA-4714-A33E-A4268494BE20}.Debug|Any CPU.Build.0 = Debug|Any CPU
		{B233C482-FDCA-4714-A33E-A4268494BE20}.Release|Any CPU.ActiveCfg = Release|Any CPU
		{B233C482-FDCA-4714-A33E-A4268494BE20}.Release|Any CPU.Build.0 = Release|Any CPU
	EndGlobalSection
	GlobalSection(SolutionProperties) = preSolution
		HideSolutionNode = FALSE
	EndGlobalSection
	GlobalSection(ExtensibilityGlobals) = postSolution
		SolutionGuid = {546D7461-6F10-4211-9A71-04475F6FF9B4}
	EndGlobalSection
EndGlobal
